
Microsoft Visual Studio Solution File, Format Version 12.00
# Visual Studio Version 16
VisualStudioVersion = 16.0.30517.126
MinimumVisualStudioVersion = 10.0.40219.1
Project("{FAE04EC0-301F-11D3-BF4B-00C04F79EFBC}") = "037_YapilacaklarWebApiBilgeAdam", "037_YapilacaklarWebApiBilgeAdam\037_YapilacaklarWebApiBilgeAdam.csproj", "{2425246A-8F1A-43CC-937A-E099158D1FF9}"
EndProject
Global
	GlobalSection(SolutionConfigurationPlatforms) = preSolution
		Debug|Any CPU = Debug|Any CPU
		Release|Any CPU = Release|Any CPU
	EndGlobalSection
	GlobalSection(ProjectConfigurationPlatforms) = postSolution
		{2425246A-8F1A-43CC-937A-E099158D1FF9}.Debug|Any CPU.ActiveCfg = Debug|Any CPU
		{2425246A-8F1A-43CC-937A-E099158D1FF9}.Debug|Any CPU.Build.0 = Debug|Any CPU
		{2425246A-8F1A-43CC-937A-E099158D1FF9}.Release|Any CPU.ActiveCfg = Release|Any CPU
		{2425246A-8F1A-43CC-937A-E099158D1FF9}.Release|Any CPU.Build.0 = Release|Any CPU
	EndGlobalSection
	GlobalSection(SolutionProperties) = preSolution
		HideSolutionNode = FALSE
	EndGlobalSection
	GlobalSection(ExtensibilityGlobals) = postSolution
		SolutionGuid = {AAC14954-534D-47A9-AE84-F344A6986B48}
	EndGlobalSection
EndGlobal
